id: tddModulePkg_SnCHier_Blk_Nmulcc
label: SnCHier_Blk_Nmulcc
category: '[tddModulePkg]'

templates:
  imports: from gnuradio import tddModulePkg
  make: tddModulePkg.SnCHier_Blk_Nmulcc()

outputs:
- id: conj
  label: conj
  dtype: complex
  domain: stream
- id: fir
  label: fir
  dtype: float
  domain: stream
inputs:
- id: ip
  label: ip
  dtype: complex
  domain: stream
#  'file_format' specifies the version of the GRC yml format used in the file
#  and should usually not be changed.
file_format: 1
