id: tddModules_randomToggleSource_p
label: randomToggleSource_p
category: '[tddModules]'

templates:
  imports: from gnuradio import tddModules
  make: tddModules.randomToggleSource_p(${tx_time_interval}, ${samples_per_sec})

parameters:
- id: tx_time_interval
  label: TX period(s)
  dtype: float
  default: 0.4
- id: samples_per_sec
  label: Samples per sec
  dtype: 1e6

inputs:
#- label: ...
#  domain: ...
#  dtype: ...
#  vlen: ...
#  optional: ...

outputs:
- label: out0
  domain: stream
  dtype: byte
#  vlen: ...
#  optional: ...

file_format: 1
