id: tddModules_msgStrobeTddRx_p
label: msgStrobeTddRx_p
category: '[tddModules]'

templates:
  imports: from gnuradio import tddModules
  make: tddModules.msgStrobeTddRx_p(${switch_interval}, ${guard_time})

parameters:
- id: switch_interval
  label: Switch Interval(s)
  dtype: float
  default: 1
- id: guard_time
  label: Guard time(s)
  dtype: float
  default: 0.1

inputs:
- label: in0
  domain: stream
  dtype: byte

outputs:
- label: sw_st_trigger
  domain: message
  optional: true
- label: usrp_trigger
  domain: message
  optional: true

file_format: 1
