id: tddModules_msgStrobeTddRx
label: msgStrobeTddRx
category: '[tddModules]'

templates:
  imports: from gnuradio import tddModules
  make: tddModules.msgStrobeTddRx(${switch_interval}, ${guard_time})

parameters:
- id: switch_interval
  label: Switch Interval(ms)
  dtype: long
  default: 1000
- id: guard_time
  label: Guard time(ms)
  dtype: 100

#  Make one 'inputs' list entry per input and one 'outputs' list entry per output.
#  Keys include:
#      * label (an identifier for the GUI)
#      * domain (optional - stream or message. Default is stream)
#      * dtype (e.g. int, float, complex, byte, short, xxx_vector, ...)
#      * vlen (optional - data stream vector length. Default is 1)
#      * optional (optional - set to 1 for optional inputs. Default is 0)
inputs:
- label: in0
  domain: stream
  dtype: byte

outputs:
#- label: ...
#  domain: ...
#  dtype: ...
#  vlen: ...
#  optional: ...

file_format: 1
